<?xml version="1.0" encoding="utf-8"?>
<Project ToolsVersion="4.0" xmlns="http://schemas.microsoft.com/developer/msbuild/2003">
  <ItemGroup>
    <Filter Include="Source Files">
      <UniqueIdentifier>{4FC737F1-C7A5-4376-A066-2A32D752A2FF}</UniqueIdentifier>
      <Extensions>cpp;c;cc;cxx;def;odl;idl;hpj;bat;asm;asmx</Extensions>
    </Filter>
    <Filter Include="Header Files">
      <UniqueIdentifier>{93995380-89BD-4b04-88EB-625FBE52EBFB}</UniqueIdentifier>
      <Extensions>h;hpp;hxx;hm;inl;inc;xsd</Extensions>
    </Filter>
    <Filter Include="Resource Files">
      <UniqueIdentifier>{67DA6AB6-F800-4c08-8B7A-83BB121AAD01}</UniqueIdentifier>
      <Extensions>rc;ico;cur;bmp;dlg;rc2;rct;bin;rgs;gif;jpg;jpeg;jpe;resx;tiff;tif;png;wav</Extensions>
    </Filter>
    <Filter Include="Header Files\Geometry">
      <UniqueIdentifier>{a4ae0341-fccb-43fa-9254-6c61ea3618d5}</UniqueIdentifier>
    </Filter>
    <Filter Include="Header Files\Objects">
      <UniqueIdentifier>{aea394f5-8201-4456-824d-68bbdbe3424d}</UniqueIdentifier>
    </Filter>
    <Filter Include="Header Files\DirectXStuff">
      <UniqueIdentifier>{ddd2edc8-3ac6-4968-9a66-33037c44d4b4}</UniqueIdentifier>
    </Filter>
    <Filter Include="Header Files\Other">
      <UniqueIdentifier>{35c7348a-8b00-453e-8519-4fd870228f7a}</UniqueIdentifier>
    </Filter>
  </ItemGroup>
  <ItemGroup>
    <ClCompile Include="Box.cpp">
      <Filter>Source Files</Filter>
    </ClCompile>
    <ClCompile Include="GameObject.cpp">
      <Filter>Source Files</Filter>
    </ClCompile>
    <ClCompile Include="Line.cpp">
      <Filter>Source Files</Filter>
    </ClCompile>
    <ClCompile Include="Quad.cpp">
      <Filter>Source Files</Filter>
    </ClCompile>
    <ClCompile Include="LineObject.cpp">
      <Filter>Source Files</Filter>
    </ClCompile>
    <ClCompile Include="d3dApp.cpp">
      <Filter>Source Files</Filter>
    </ClCompile>
    <ClCompile Include="GameTimer.cpp">
      <Filter>Source Files</Filter>
    </ClCompile>
    <ClCompile Include="input.cpp">
      <Filter>Source Files</Filter>
    </ClCompile>
    <ClCompile Include="Score.cpp">
      <Filter>Source Files</Filter>
    </ClCompile>
    <ClCompile Include="Text.cpp">
      <Filter>Source Files</Filter>
    </ClCompile>
    <ClCompile Include="TileObject.cpp">
      <Filter>Source Files</Filter>
    </ClCompile>
    <ClCompile Include="Player.cpp">
      <Filter>Source Files</Filter>
    </ClCompile>
    <ClCompile Include="Obstacle.cpp">
      <Filter>Source Files</Filter>
    </ClCompile>
    <ClCompile Include="audio.cpp">
      <Filter>Source Files</Filter>
    </ClCompile>
    <ClCompile Include="BodyPart.cpp">
      <Filter>Source Files</Filter>
    </ClCompile>
    <ClCompile Include="Game2App.cpp">
      <Filter>Source Files</Filter>
    </ClCompile>
    <ClCompile Include="Floor.cpp">
      <Filter>Source Files</Filter>
    </ClCompile>
    <ClCompile Include="Level.cpp">
      <Filter>Source Files</Filter>
    </ClCompile>
    <ClCompile Include="Enemy.cpp">
      <Filter>Source Files</Filter>
    </ClCompile>
    <ClCompile Include="Tower.cpp">
      <Filter>Source Files</Filter>
    </ClCompile>
    <ClCompile Include="Wall.cpp">
      <Filter>Source Files</Filter>
    </ClCompile>
    <ClCompile Include="Body.cpp">
      <Filter>Source Files</Filter>
    </ClCompile>
    <ClCompile Include="Pickup.cpp">
      <Filter>Source Files</Filter>
    </ClCompile>
    <ClCompile Include="textureclass.cpp">
      <Filter>Source Files</Filter>
    </ClCompile>
    <ClCompile Include="Weapon.cpp">
      <Filter>Source Files</Filter>
    </ClCompile>
  </ItemGroup>
  <ItemGroup>
    <ClInclude Include="Box.h">
      <Filter>Header Files\Geometry</Filter>
    </ClInclude>
    <ClInclude Include="Line.h">
      <Filter>Header Files\Geometry</Filter>
    </ClInclude>
    <ClInclude Include="Quad.h">
      <Filter>Header Files\Geometry</Filter>
    </ClInclude>
    <ClInclude Include="Vertex.h">
      <Filter>Header Files\Geometry</Filter>
    </ClInclude>
    <ClInclude Include="LineObject.h">
      <Filter>Header Files\Objects</Filter>
    </ClInclude>
    <ClInclude Include="Obstacle.h">
      <Filter>Header Files\Objects</Filter>
    </ClInclude>
    <ClInclude Include="GameObject.h">
      <Filter>Header Files\Objects</Filter>
    </ClInclude>
    <ClInclude Include="Player.h">
      <Filter>Header Files\Objects</Filter>
    </ClInclude>
    <ClInclude Include="Score.h">
      <Filter>Header Files\Objects</Filter>
    </ClInclude>
    <ClInclude Include="TileObject.h">
      <Filter>Header Files\Objects</Filter>
    </ClInclude>
    <ClInclude Include="d3dApp.h">
      <Filter>Header Files\DirectXStuff</Filter>
    </ClInclude>
    <ClInclude Include="d3dUtil.h">
      <Filter>Header Files\DirectXStuff</Filter>
    </ClInclude>
    <ClInclude Include="gameError.h">
      <Filter>Header Files\DirectXStuff</Filter>
    </ClInclude>
    <ClInclude Include="GameTimer.h">
      <Filter>Header Files\DirectXStuff</Filter>
    </ClInclude>
    <ClInclude Include="input.h">
      <Filter>Header Files\DirectXStuff</Filter>
    </ClInclude>
    <ClInclude Include="Text.h">
      <Filter>Header Files\DirectXStuff</Filter>
    </ClInclude>
    <ClInclude Include="constants.h">
      <Filter>Header Files\Other</Filter>
    </ClInclude>
    <ClInclude Include="audio.h">
      <Filter>Header Files\DirectXStuff</Filter>
    </ClInclude>
    <ClInclude Include="BodyPart.h">
      <Filter>Header Files\Geometry</Filter>
    </ClInclude>
    <ClInclude Include="Floor.h">
      <Filter>Header Files\Objects</Filter>
    </ClInclude>
    <ClInclude Include="Light.h">
      <Filter>Header Files\Other</Filter>
    </ClInclude>
    <ClInclude Include="CubeTex.h">
      <Filter>Header Files\Other</Filter>
    </ClInclude>
    <ClInclude Include="Level.h">
      <Filter>Header Files\Objects</Filter>
    </ClInclude>
    <ClInclude Include="Enemy.h">
      <Filter>Header Files\Objects</Filter>
    </ClInclude>
    <ClInclude Include="Tower.h">
      <Filter>Header Files\Objects</Filter>
    </ClInclude>
    <ClInclude Include="Wall.h">
      <Filter>Header Files\Objects</Filter>
    </ClInclude>
    <ClInclude Include="Body.h">
      <Filter>Header Files\Objects</Filter>
    </ClInclude>
    <ClInclude Include="Pickup.h">
      <Filter>Header Files\Objects</Filter>
    </ClInclude>
    <ClInclude Include="Weapon.h">
      <Filter>Header Files\Objects</Filter>
    </ClInclude>
    <ClInclude Include="Game2App.h">
      <Filter>Header Files</Filter>
    </ClInclude>
    <ClInclude Include="textureclass.h">
      <Filter>Header Files\Objects</Filter>
    </ClInclude>
  </ItemGroup>
  <ItemGroup>
    <None Include="color.fx" />
    <None Include="ClassDiagram1.cd" />
    <None Include="lighthelper.fx" />
    <None Include="lighting.fx" />
    <None Include="Controls.png">
      <Filter>Resource Files</Filter>
    </None>
    <None Include="Credits.png">
      <Filter>Resource Files</Filter>
    </None>
    <None Include="Game Over Screen.png">
      <Filter>Resource Files</Filter>
    </None>
    <None Include="Game Win.png">
      <Filter>Resource Files</Filter>
    </None>
    <None Include="How to Play.png">
      <Filter>Resource Files</Filter>
    </None>
    <None Include="Stealth Tactics Title Screen.png">
      <Filter>Resource Files</Filter>
    </None>
    <None Include="LoadScreen.png">
      <Filter>Resource Files</Filter>
    </None>
    <None Include="level1.txt">
      <Filter>Resource Files</Filter>
    </None>
    <None Include="level2.txt">
      <Filter>Resource Files</Filter>
    </None>
    <None Include="level3.txt">
      <Filter>Resource Files</Filter>
    </None>
    <None Include="levelBackstab1.txt">
      <Filter>Resource Files</Filter>
    </None>
    <None Include="levelTeleport1.txt">
      <Filter>Resource Files</Filter>
    </None>
    <None Include="Particles.fx" />
    <None Include="hudLighting.fx" />
    <None Include="Level2Teleport.txt">
      <Filter>Resource Files</Filter>
    </None>
  </ItemGroup>
</Project>